github.com/shuaiming/openid v1.0.12 h1:wPdZ6WLI9F+fHFC6TKA+9I+OO64w19i7w5O7YOSsGOg=
github.com/shuaiming/openid v1.0.12/go.mod h1:uqk1KlWupj9zpY+WU1qFeivFSBxuYBfbZyD+Fxoa2Pg=
github.com/shuaiming/sessions v0.0.5 h1:gSCbvH8TJ1qipVeUEbGsyi0akGMy4MTqpokj3t+xiwo=
github.com/shuaiming/sessions v0.0.5/go.mod h1:F2iDfNcUSdeuhUOdQQOgPwBmpgKDtavzHdpXEw1joMM=
